// !$*UTF8*$!
{
	archiveVersion = 1;
	classes = {
	};
	objectVersion = 50;
	objects = {

/* Begin PBXBuildFile section */
		B501D337270DB02600865D3C /* AppDelegate.swift in Sources */ = {isa = PBXBuildFile; fileRef = B501D336270DB02600865D3C /* AppDelegate.swift */; };
		B501D339270DB02600865D3C /* SceneDelegate.swift in Sources */ = {isa = PBXBuildFile; fileRef = B501D338270DB02600865D3C /* SceneDelegate.swift */; };
		B501D33B270DB02600865D3C /* ViewController.swift in Sources */ = {isa = PBXBuildFile; fileRef = B501D33A270DB02600865D3C /* ViewController.swift */; };
		B501D33E270DB02600865D3C /* Main.storyboard in Resources */ = {isa = PBXBuildFile; fileRef = B501D33C270DB02600865D3C /* Main.storyboard */; };
		B501D340270DB02600865D3C /* Assets.xcassets in Resources */ = {isa = PBXBuildFile; fileRef = B501D33F270DB02600865D3C /* Assets.xcassets */; };
		B501D343270DB02600865D3C /* LaunchScreen.storyboard in Resources */ = {isa = PBXBuildFile; fileRef = B501D341270DB02600865D3C /* LaunchScreen.storyboard */; };
		B531AC4727450383003DBF96 /* moniheatmeAppClip.app in Embed App Clips */ = {isa = PBXBuildFile; fileRef = B531AC3327450382003DBF96 /* moniheatmeAppClip.app */; settings = {ATTRIBUTES = (RemoveHeadersOnCopy, ); }; };
		B531AC4C274503C8003DBF96 /* ViewController.swift in Sources */ = {isa = PBXBuildFile; fileRef = B501D33A270DB02600865D3C /* ViewController.swift */; };
		B531AC4D274503C8003DBF96 /* ViewController+CBPeripheralDelegate.swift in Sources */ = {isa = PBXBuildFile; fileRef = B5A2287D270E53FB00B85E9E /* ViewController+CBPeripheralDelegate.swift */; };
		B531AC4E274503C8003DBF96 /* ViewController+CBCentralManagerDelegate.swift in Sources */ = {isa = PBXBuildFile; fileRef = B5A2287B270E52B600B85E9E /* ViewController+CBCentralManagerDelegate.swift */; };
		B531AC4F274503DF003DBF96 /* Assets.xcassets in Resources */ = {isa = PBXBuildFile; fileRef = B501D33F270DB02600865D3C /* Assets.xcassets */; };
		B531AC50274503E2003DBF96 /* Main.storyboard in Resources */ = {isa = PBXBuildFile; fileRef = B501D33C270DB02600865D3C /* Main.storyboard */; };
		B531AC51274503E6003DBF96 /* SceneDelegate.swift in Sources */ = {isa = PBXBuildFile; fileRef = B501D338270DB02600865D3C /* SceneDelegate.swift */; };
		B531AC52274503EA003DBF96 /* AppDelegate.swift in Sources */ = {isa = PBXBuildFile; fileRef = B501D336270DB02600865D3C /* AppDelegate.swift */; };
		B531AC53274503F1003DBF96 /* LaunchScreen.storyboard in Resources */ = {isa = PBXBuildFile; fileRef = B501D341270DB02600865D3C /* LaunchScreen.storyboard */; };
		B531AC5427450401003DBF96 /* HttpController.swift in Sources */ = {isa = PBXBuildFile; fileRef = B555FAAE272C5AD700B93062 /* HttpController.swift */; };
		B531AC5527450405003DBF96 /* UserDataViewController.swift in Sources */ = {isa = PBXBuildFile; fileRef = B555FAB0272E9DEF00B93062 /* UserDataViewController.swift */; };
		B555FAAF272C5AD700B93062 /* HttpController.swift in Sources */ = {isa = PBXBuildFile; fileRef = B555FAAE272C5AD700B93062 /* HttpController.swift */; };
		B555FAB1272E9DEF00B93062 /* UserDataViewController.swift in Sources */ = {isa = PBXBuildFile; fileRef = B555FAB0272E9DEF00B93062 /* UserDataViewController.swift */; };
		B5A2287C270E52B700B85E9E /* ViewController+CBCentralManagerDelegate.swift in Sources */ = {isa = PBXBuildFile; fileRef = B5A2287B270E52B600B85E9E /* ViewController+CBCentralManagerDelegate.swift */; };
		B5A2287E270E53FB00B85E9E /* ViewController+CBPeripheralDelegate.swift in Sources */ = {isa = PBXBuildFile; fileRef = B5A2287D270E53FB00B85E9E /* ViewController+CBPeripheralDelegate.swift */; };
/* End PBXBuildFile section */

/* Begin PBXContainerItemProxy section */
		B531AC4527450383003DBF96 /* PBXContainerItemProxy */ = {
			isa = PBXContainerItemProxy;
			containerPortal = B501D32B270DB02600865D3C /* Project object */;
			proxyType = 1;
			remoteGlobalIDString = B531AC3227450382003DBF96;
			remoteInfo = moniheatmeAppClip;
		};
/* End PBXContainerItemProxy section */

/* Begin PBXCopyFilesBuildPhase section */
		B531AC4827450383003DBF96 /* Embed App Clips */ = {
			isa = PBXCopyFilesBuildPhase;
			buildActionMask = 2147483647;
			dstPath = "$(CONTENTS_FOLDER_PATH)/AppClips";
			dstSubfolderSpec = 16;
			files = (
				B531AC4727450383003DBF96 /* moniheatmeAppClip.app in Embed App Clips */,
			);
			name = "Embed App Clips";
			runOnlyForDeploymentPostprocessing = 0;
		};
/* End PBXCopyFilesBuildPhase section */

/* Begin PBXFileReference section */
		B501D333270DB02600865D3C /* moniheatme.app */ = {isa = PBXFileReference; explicitFileType = wrapper.application; includeInIndex = 0; path = moniheatme.app; sourceTree = BUILT_PRODUCTS_DIR; };
		B501D336270DB02600865D3C /* AppDelegate.swift */ = {isa = PBXFileReference; lastKnownFileType = sourcecode.swift; path = AppDelegate.swift; sourceTree = "<group>"; };
		B501D338270DB02600865D3C /* SceneDelegate.swift */ = {isa = PBXFileReference; lastKnownFileType = sourcecode.swift; path = SceneDelegate.swift; sourceTree = "<group>"; };
		B501D33A270DB02600865D3C /* ViewController.swift */ = {isa = PBXFileReference; lastKnownFileType = sourcecode.swift; path = ViewController.swift; sourceTree = "<group>"; };
		B501D33D270DB02600865D3C /* Base */ = {isa = PBXFileReference; lastKnownFileType = file.storyboard; name = Base; path = Base.lproj/Main.storyboard; sourceTree = "<group>"; };
		B501D33F270DB02600865D3C /* Assets.xcassets */ = {isa = PBXFileReference; lastKnownFileType = folder.assetcatalog; path = Assets.xcassets; sourceTree = "<group>"; };
		B501D342270DB02600865D3C /* Base */ = {isa = PBXFileReference; lastKnownFileType = file.storyboard; name = Base; path = Base.lproj/LaunchScreen.storyboard; sourceTree = "<group>"; };
		B501D344270DB02600865D3C /* Info.plist */ = {isa = PBXFileReference; lastKnownFileType = text.plist.xml; path = Info.plist; sourceTree = "<group>"; };
		B531AC3327450382003DBF96 /* moniheatmeAppClip.app */ = {isa = PBXFileReference; explicitFileType = wrapper.application; includeInIndex = 0; path = moniheatmeAppClip.app; sourceTree = BUILT_PRODUCTS_DIR; };
		B531AC4327450383003DBF96 /* Info.plist */ = {isa = PBXFileReference; lastKnownFileType = text.plist.xml; path = Info.plist; sourceTree = "<group>"; };
		B531AC4427450383003DBF96 /* moniheatmeAppClip.entitlements */ = {isa = PBXFileReference; lastKnownFileType = text.plist.entitlements; path = moniheatmeAppClip.entitlements; sourceTree = "<group>"; };
		B555FAAE272C5AD700B93062 /* HttpController.swift */ = {isa = PBXFileReference; lastKnownFileType = sourcecode.swift; path = HttpController.swift; sourceTree = "<group>"; };
		B555FAB0272E9DEF00B93062 /* UserDataViewController.swift */ = {isa = PBXFileReference; lastKnownFileType = sourcecode.swift; path = UserDataViewController.swift; sourceTree = "<group>"; };
		B5A2287B270E52B600B85E9E /* ViewController+CBCentralManagerDelegate.swift */ = {isa = PBXFileReference; lastKnownFileType = sourcecode.swift; path = "ViewController+CBCentralManagerDelegate.swift"; sourceTree = "<group>"; };
		B5A2287D270E53FB00B85E9E /* ViewController+CBPeripheralDelegate.swift */ = {isa = PBXFileReference; lastKnownFileType = sourcecode.swift; path = "ViewController+CBPeripheralDelegate.swift"; sourceTree = "<group>"; };
/* End PBXFileReference section */

/* Begin PBXFrameworksBuildPhase section */
		B501D330270DB02600865D3C /* Frameworks */ = {
			isa = PBXFrameworksBuildPhase;
			buildActionMask = 2147483647;
			files = (
			);
			runOnlyForDeploymentPostprocessing = 0;
		};
		B531AC3027450382003DBF96 /* Frameworks */ = {
			isa = PBXFrameworksBuildPhase;
			buildActionMask = 2147483647;
			files = (
			);
			runOnlyForDeploymentPostprocessing = 0;
		};
/* End PBXFrameworksBuildPhase section */

/* Begin PBXGroup section */
		B501D32A270DB02600865D3C = {
			isa = PBXGroup;
			children = (
				B501D335270DB02600865D3C /* moniheatme */,
				B531AC3427450382003DBF96 /* moniheatmeAppClip */,
				B501D334270DB02600865D3C /* Products */,
			);
			sourceTree = "<group>";
		};
		B501D334270DB02600865D3C /* Products */ = {
			isa = PBXGroup;
			children = (
				B501D333270DB02600865D3C /* moniheatme.app */,
				B531AC3327450382003DBF96 /* moniheatmeAppClip.app */,
			);
			name = Products;
			sourceTree = "<group>";
		};
		B501D335270DB02600865D3C /* moniheatme */ = {
			isa = PBXGroup;
			children = (
				B5A2287F27103EF400B85E9E /* ViewController */,
				B501D336270DB02600865D3C /* AppDelegate.swift */,
				B501D338270DB02600865D3C /* SceneDelegate.swift */,
				B501D33C270DB02600865D3C /* Main.storyboard */,
				B501D33F270DB02600865D3C /* Assets.xcassets */,
				B501D341270DB02600865D3C /* LaunchScreen.storyboard */,
				B501D344270DB02600865D3C /* Info.plist */,
				B555FAAE272C5AD700B93062 /* HttpController.swift */,
				B555FAB0272E9DEF00B93062 /* UserDataViewController.swift */,
			);
			path = moniheatme;
			sourceTree = "<group>";
		};
		B531AC3427450382003DBF96 /* moniheatmeAppClip */ = {
			isa = PBXGroup;
			children = (
				B531AC4327450383003DBF96 /* Info.plist */,
				B531AC4427450383003DBF96 /* moniheatmeAppClip.entitlements */,
			);
			path = moniheatmeAppClip;
			sourceTree = "<group>";
		};
		B5A2287F27103EF400B85E9E /* ViewController */ = {
			isa = PBXGroup;
			children = (
				B501D33A270DB02600865D3C /* ViewController.swift */,
				B5A2287D270E53FB00B85E9E /* ViewController+CBPeripheralDelegate.swift */,
				B5A2287B270E52B600B85E9E /* ViewController+CBCentralManagerDelegate.swift */,
			);
			path = ViewController;
			sourceTree = "<group>";
		};
/* End PBXGroup section */

/* Begin PBXNativeTarget section */
		B501D332270DB02600865D3C /* moniheatme */ = {
			isa = PBXNativeTarget;
			buildConfigurationList = B501D35D270DB02700865D3C /* Build configuration list for PBXNativeTarget "moniheatme" */;
			buildPhases = (
				B501D32F270DB02600865D3C /* Sources */,
				B501D330270DB02600865D3C /* Frameworks */,
				B501D331270DB02600865D3C /* Resources */,
				B531AC4827450383003DBF96 /* Embed App Clips */,
			);
			buildRules = (
			);
			dependencies = (
				B531AC4627450383003DBF96 /* PBXTargetDependency */,
			);
			name = moniheatme;
			productName = HeatingJacketMonitor;
			productReference = B501D333270DB02600865D3C /* moniheatme.app */;
			productType = "com.apple.product-type.application";
		};
		B531AC3227450382003DBF96 /* moniheatmeAppClip */ = {
			isa = PBXNativeTarget;
			buildConfigurationList = B531AC4B27450383003DBF96 /* Build configuration list for PBXNativeTarget "moniheatmeAppClip" */;
			buildPhases = (
				B531AC2F27450382003DBF96 /* Sources */,
				B531AC3027450382003DBF96 /* Frameworks */,
				B531AC3127450382003DBF96 /* Resources */,
			);
			buildRules = (
			);
			dependencies = (
			);
			name = moniheatmeAppClip;
			productName = moniheatmeAppClip;
			productReference = B531AC3327450382003DBF96 /* moniheatmeAppClip.app */;
			productType = "com.apple.product-type.application.on-demand-install-capable";
		};
/* End PBXNativeTarget section */

/* Begin PBXProject section */
		B501D32B270DB02600865D3C /* Project object */ = {
			isa = PBXProject;
			attributes = {
				LastSwiftUpdateCheck = 1250;
				LastUpgradeCheck = 1250;
				TargetAttributes = {
					B501D332270DB02600865D3C = {
						CreatedOnToolsVersion = 12.5;
					};
					B531AC3227450382003DBF96 = {
						CreatedOnToolsVersion = 12.5;
					};
				};
			};
			buildConfigurationList = B501D32E270DB02600865D3C /* Build configuration list for PBXProject "moniheatme" */;
			compatibilityVersion = "Xcode 9.3";
			developmentRegion = en;
			hasScannedForEncodings = 0;
			knownRegions = (
				en,
				Base,
			);
			mainGroup = B501D32A270DB02600865D3C;
			productRefGroup = B501D334270DB02600865D3C /* Products */;
			projectDirPath = "";
			projectRoot = "";
			targets = (
				B501D332270DB02600865D3C /* moniheatme */,
				B531AC3227450382003DBF96 /* moniheatmeAppClip */,
			);
		};
/* End PBXProject section */

/* Begin PBXResourcesBuildPhase section */
		B501D331270DB02600865D3C /* Resources */ = {
			isa = PBXResourcesBuildPhase;
			buildActionMask = 2147483647;
			files = (
				B501D343270DB02600865D3C /* LaunchScreen.storyboard in Resources */,
				B501D340270DB02600865D3C /* Assets.xcassets in Resources */,
				B501D33E270DB02600865D3C /* Main.storyboard in Resources */,
			);
			runOnlyForDeploymentPostprocessing = 0;
		};
		B531AC3127450382003DBF96 /* Resources */ = {
			isa = PBXResourcesBuildPhase;
			buildActionMask = 2147483647;
			files = (
				B531AC53274503F1003DBF96 /* LaunchScreen.storyboard in Resources */,
				B531AC4F274503DF003DBF96 /* Assets.xcassets in Resources */,
				B531AC50274503E2003DBF96 /* Main.storyboard in Resources */,
			);
			runOnlyForDeploymentPostprocessing = 0;
		};
/* End PBXResourcesBuildPhase section */

/* Begin PBXSourcesBuildPhase section */
		B501D32F270DB02600865D3C /* Sources */ = {
			isa = PBXSourcesBuildPhase;
			buildActionMask = 2147483647;
			files = (
				B5A2287E270E53FB00B85E9E /* ViewController+CBPeripheralDelegate.swift in Sources */,
				B501D33B270DB02600865D3C /* ViewController.swift in Sources */,
				B501D337270DB02600865D3C /* AppDelegate.swift in Sources */,
				B555FAB1272E9DEF00B93062 /* UserDataViewController.swift in Sources */,
				B5A2287C270E52B700B85E9E /* ViewController+CBCentralManagerDelegate.swift in Sources */,
				B501D339270DB02600865D3C /* SceneDelegate.swift in Sources */,
				B555FAAF272C5AD700B93062 /* HttpController.swift in Sources */,
			);
			runOnlyForDeploymentPostprocessing = 0;
		};
		B531AC2F27450382003DBF96 /* Sources */ = {
			isa = PBXSourcesBuildPhase;
			buildActionMask = 2147483647;
			files = (
				B531AC4D274503C8003DBF96 /* ViewController+CBPeripheralDelegate.swift in Sources */,
				B531AC4C274503C8003DBF96 /* ViewController.swift in Sources */,
				B531AC4E274503C8003DBF96 /* ViewController+CBCentralManagerDelegate.swift in Sources */,
				B531AC5527450405003DBF96 /* UserDataViewController.swift in Sources */,
				B531AC52274503EA003DBF96 /* AppDelegate.swift in Sources */,
				B531AC51274503E6003DBF96 /* SceneDelegate.swift in Sources */,
				B531AC5427450401003DBF96 /* HttpController.swift in Sources */,
			);
			runOnlyForDeploymentPostprocessing = 0;
		};
/* End PBXSourcesBuildPhase section */

/* Begin PBXTargetDependency section */
		B531AC4627450383003DBF96 /* PBXTargetDependency */ = {
			isa = PBXTargetDependency;
			target = B531AC3227450382003DBF96 /* moniheatmeAppClip */;
			targetProxy = B531AC4527450383003DBF96 /* PBXContainerItemProxy */;
		};
/* End PBXTargetDependency section */

/* Begin PBXVariantGroup section */
		B501D33C270DB02600865D3C /* Main.storyboard */ = {
			isa = PBXVariantGroup;
			children = (
				B501D33D270DB02600865D3C /* Base */,
			);
			name = Main.storyboard;
			sourceTree = "<group>";
		};
		B501D341270DB02600865D3C /* LaunchScreen.storyboard */ = {
			isa = PBXVariantGroup;
			children = (
				B501D342270DB02600865D3C /* Base */,
			);
			name = LaunchScreen.storyboard;
			sourceTree = "<group>";
		};
/* End PBXVariantGroup section */

/* Begin XCBuildConfiguration section */
		B501D35B270DB02700865D3C /* Debug */ = {
			isa = XCBuildConfiguration;
			buildSettings = {
				ALWAYS_SEARCH_USER_PATHS = NO;
				CLANG_ANALYZER_NONNULL = YES;
				CLANG_ANALYZER_NUMBER_OBJECT_CONVERSION = YES_AGGRESSIVE;
				CLANG_CXX_LANGUAGE_STANDARD = "gnu++14";
				CLANG_CXX_LIBRARY = "libc++";
				CLANG_ENABLE_MODULES = YES;
				CLANG_ENABLE_OBJC_ARC = YES;
				CLANG_ENABLE_OBJC_WEAK = YES;
				CLANG_WARN_BLOCK_CAPTURE_AUTORELEASING = YES;
				CLANG_WARN_BOOL_CONVERSION = YES;
				CLANG_WARN_COMMA = YES;
				CLANG_WARN_CONSTANT_CONVERSION = YES;
				CLANG_WARN_DEPRECATED_OBJC_IMPLEMENTATIONS = YES;
				CLANG_WARN_DIRECT_OBJC_ISA_USAGE = YES_ERROR;
				CLANG_WARN_DOCUMENTATION_COMMENTS = YES;
				CLANG_WARN_EMPTY_BODY = YES;
				CLANG_WARN_ENUM_CONVERSION = YES;
				CLANG_WARN_INFINITE_RECURSION = YES;
				CLANG_WARN_INT_CONVERSION = YES;
				CLANG_WARN_NON_LITERAL_NULL_CONVERSION = YES;
				CLANG_WARN_OBJC_IMPLICIT_RETAIN_SELF = YES;
				CLANG_WARN_OBJC_LITERAL_CONVERSION = YES;
				CLANG_WARN_OBJC_ROOT_CLASS = YES_ERROR;
				CLANG_WARN_QUOTED_INCLUDE_IN_FRAMEWORK_HEADER = YES;
				CLANG_WARN_RANGE_LOOP_ANALYSIS = YES;
				CLANG_WARN_STRICT_PROTOTYPES = YES;
				CLANG_WARN_SUSPICIOUS_MOVE = YES;
				CLANG_WARN_UNGUARDED_AVAILABILITY = YES_AGGRESSIVE;
				CLANG_WARN_UNREACHABLE_CODE = YES;
				CLANG_WARN__DUPLICATE_METHOD_MATCH = YES;
				COPY_PHASE_STRIP = NO;
				DEBUG_INFORMATION_FORMAT = dwarf;
				ENABLE_STRICT_OBJC_MSGSEND = YES;
				ENABLE_TESTABILITY = YES;
				GCC_C_LANGUAGE_STANDARD = gnu11;
				GCC_DYNAMIC_NO_PIC = NO;
				GCC_NO_COMMON_BLOCKS = YES;
				GCC_OPTIMIZATION_LEVEL = 0;
				GCC_PREPROCESSOR_DEFINITIONS = (
					"DEBUG=1",
					"$(inherited)",
				);
				GCC_WARN_64_TO_32_BIT_CONVERSION = YES;
				GCC_WARN_ABOUT_RETURN_TYPE = YES_ERROR;
				GCC_WARN_UNDECLARED_SELECTOR = YES;
				GCC_WARN_UNINITIALIZED_AUTOS = YES_AGGRESSIVE;
				GCC_WARN_UNUSED_FUNCTION = YES;
				GCC_WARN_UNUSED_VARIABLE = YES;
				IPHONEOS_DEPLOYMENT_TARGET = 13.0;
				MTL_ENABLE_DEBUG_INFO = INCLUDE_SOURCE;
				MTL_FAST_MATH = YES;
				ONLY_ACTIVE_ARCH = YES;
				SDKROOT = iphoneos;
				SWIFT_ACTIVE_COMPILATION_CONDITIONS = DEBUG;
				SWIFT_OPTIMIZATION_LEVEL = "-Onone";
			};
			name = Debug;
		};
		B501D35C270DB02700865D3C /* Release */ = {
			isa = XCBuildConfiguration;
			buildSettings = {
				ALWAYS_SEARCH_USER_PATHS = NO;
				CLANG_ANALYZER_NONNULL = YES;
				CLANG_ANALYZER_NUMBER_OBJECT_CONVERSION = YES_AGGRESSIVE;
				CLANG_CXX_LANGUAGE_STANDARD = "gnu++14";
				CLANG_CXX_LIBRARY = "libc++";
				CLANG_ENABLE_MODULES = YES;
				CLANG_ENABLE_OBJC_ARC = YES;
				CLANG_ENABLE_OBJC_WEAK = YES;
				CLANG_WARN_BLOCK_CAPTURE_AUTORELEASING = YES;
				CLANG_WARN_BOOL_CONVERSION = YES;
				CLANG_WARN_COMMA = YES;
				CLANG_WARN_CONSTANT_CONVERSION = YES;
				CLANG_WARN_DEPRECATED_OBJC_IMPLEMENTATIONS = YES;
				CLANG_WARN_DIRECT_OBJC_ISA_USAGE = YES_ERROR;
				CLANG_WARN_DOCUMENTATION_COMMENTS = YES;
				CLANG_WARN_EMPTY_BODY = YES;
				CLANG_WARN_ENUM_CONVERSION = YES;
				CLANG_WARN_INFINITE_RECURSION = YES;
				CLANG_WARN_INT_CONVERSION = YES;
				CLANG_WARN_NON_LITERAL_NULL_CONVERSION = YES;
				CLANG_WARN_OBJC_IMPLICIT_RETAIN_SELF = YES;
				CLANG_WARN_OBJC_LITERAL_CONVERSION = YES;
				CLANG_WARN_OBJC_ROOT_CLASS = YES_ERROR;
				CLANG_WARN_QUOTED_INCLUDE_IN_FRAMEWORK_HEADER = YES;
				CLANG_WARN_RANGE_LOOP_ANALYSIS = YES;
				CLANG_WARN_STRICT_PROTOTYPES = YES;
				CLANG_WARN_SUSPICIOUS_MOVE = YES;
				CLANG_WARN_UNGUARDED_AVAILABILITY = YES_AGGRESSIVE;
				CLANG_WARN_UNREACHABLE_CODE = YES;
				CLANG_WARN__DUPLICATE_METHOD_MATCH = YES;
				COPY_PHASE_STRIP = NO;
				DEBUG_INFORMATION_FORMAT = "dwarf-with-dsym";
				ENABLE_NS_ASSERTIONS = NO;
				ENABLE_STRICT_OBJC_MSGSEND = YES;
				GCC_C_LANGUAGE_STANDARD = gnu11;
				GCC_NO_COMMON_BLOCKS = YES;
				GCC_WARN_64_TO_32_BIT_CONVERSION = YES;
				GCC_WARN_ABOUT_RETURN_TYPE = YES_ERROR;
				GCC_WARN_UNDECLARED_SELECTOR = YES;
				GCC_WARN_UNINITIALIZED_AUTOS = YES_AGGRESSIVE;
				GCC_WARN_UNUSED_FUNCTION = YES;
				GCC_WARN_UNUSED_VARIABLE = YES;
				IPHONEOS_DEPLOYMENT_TARGET = 13.0;
				MTL_ENABLE_DEBUG_INFO = NO;
				MTL_FAST_MATH = YES;
				SDKROOT = iphoneos;
				SWIFT_COMPILATION_MODE = wholemodule;
				SWIFT_OPTIMIZATION_LEVEL = "-O";
				VALIDATE_PRODUCT = YES;
			};
			name = Release;
		};
		B501D35E270DB02700865D3C /* Debug */ = {
			isa = XCBuildConfiguration;
			buildSettings = {
				ALWAYS_EMBED_SWIFT_STANDARD_LIBRARIES = YES;
				ASSETCATALOG_COMPILER_APPICON_NAME = AppIcon;
				ASSETCATALOG_COMPILER_GLOBAL_ACCENT_COLOR_NAME = AccentColor;
				CODE_SIGN_IDENTITY = "Apple Development";
				CODE_SIGN_STYLE = Automatic;
				CURRENT_PROJECT_VERSION = 4;
				DEVELOPMENT_TEAM = 999GB9B4YM;
				INFOPLIST_FILE = moniheatme/Info.plist;
				LD_RUNPATH_SEARCH_PATHS = (
					"$(inherited)",
					"@executable_path/Frameworks",
				);
				MARKETING_VERSION = 1.2;
				PRODUCT_BUNDLE_IDENTIFIER = com.voris.moniheatme;
				PRODUCT_NAME = "$(TARGET_NAME)";
				PROVISIONING_PROFILE_SPECIFIER = "";
				SWIFT_VERSION = 5.0;
				TARGETED_DEVICE_FAMILY = "1,2";
			};
			name = Debug;
		};
		B501D35F270DB02700865D3C /* Release */ = {
			isa = XCBuildConfiguration;
			buildSettings = {
				ALWAYS_EMBED_SWIFT_STANDARD_LIBRARIES = YES;
				ASSETCATALOG_COMPILER_APPICON_NAME = AppIcon;
				ASSETCATALOG_COMPILER_GLOBAL_ACCENT_COLOR_NAME = AccentColor;
				CODE_SIGN_IDENTITY = "Apple Development";
				CODE_SIGN_STYLE = Automatic;
				CURRENT_PROJECT_VERSION = 4;
				DEVELOPMENT_TEAM = 999GB9B4YM;
				INFOPLIST_FILE = moniheatme/Info.plist;
				LD_RUNPATH_SEARCH_PATHS = (
					"$(inherited)",
					"@executable_path/Frameworks",
				);
				MARKETING_VERSION = 1.2;
				PRODUCT_BUNDLE_IDENTIFIER = com.voris.moniheatme;
				PRODUCT_NAME = "$(TARGET_NAME)";
				PROVISIONING_PROFILE_SPECIFIER = "";
				SWIFT_VERSION = 5.0;
				TARGETED_DEVICE_FAMILY = "1,2";
			};
			name = Release;
		};
		B531AC4927450383003DBF96 /* Debug */ = {
			isa = XCBuildConfiguration;
			buildSettings = {
				ASSETCATALOG_COMPILER_APPICON_NAME = AppIcon;
				ASSETCATALOG_COMPILER_GLOBAL_ACCENT_COLOR_NAME = AccentColor;
				CODE_SIGN_ENTITLEMENTS = moniheatmeAppClip/moniheatmeAppClip.entitlements;
				CODE_SIGN_IDENTITY = "Apple Development";
				CODE_SIGN_STYLE = Automatic;
				CURRENT_PROJECT_VERSION = 4;
				DEVELOPMENT_TEAM = 999GB9B4YM;
				INFOPLIST_FILE = moniheatmeAppClip/Info.plist;
				IPHONEOS_DEPLOYMENT_TARGET = 14.1;
				LD_RUNPATH_SEARCH_PATHS = (
					"$(inherited)",
					"@executable_path/Frameworks",
				);
				MARKETING_VERSION = 1.2;
				PRODUCT_BUNDLE_IDENTIFIER = com.voris.moniheatme.Clip;
				PRODUCT_NAME = "$(TARGET_NAME)";
				SWIFT_VERSION = 5.0;
				TARGETED_DEVICE_FAMILY = "1,2";
			};
			name = Debug;
		};
		B531AC4A27450383003DBF96 /* Release */ = {
			isa = XCBuildConfiguration;
			buildSettings = {
				ASSETCATALOG_COMPILER_APPICON_NAME = AppIcon;
				ASSETCATALOG_COMPILER_GLOBAL_ACCENT_COLOR_NAME = AccentColor;
				CODE_SIGN_ENTITLEMENTS = moniheatmeAppClip/moniheatmeAppClip.entitlements;
				CODE_SIGN_IDENTITY = "Apple Development";
				CODE_SIGN_STYLE = Automatic;
				CURRENT_PROJECT_VERSION = 4;
				DEVELOPMENT_TEAM = 999GB9B4YM;
				INFOPLIST_FILE = moniheatmeAppClip/Info.plist;
				IPHONEOS_DEPLOYMENT_TARGET = 14.1;
				LD_RUNPATH_SEARCH_PATHS = (
					"$(inherited)",
					"@executable_path/Frameworks",
				);
				MARKETING_VERSION = 1.2;
				PRODUCT_BUNDLE_IDENTIFIER = com.voris.moniheatme.Clip;
				PRODUCT_NAME = "$(TARGET_NAME)";
				SWIFT_VERSION = 5.0;
				TARGETED_DEVICE_FAMILY = "1,2";
			};
			name = Release;
		};
/* End XCBuildConfiguration section */

/* Begin XCConfigurationList section */
		B501D32E270DB02600865D3C /* Build configuration list for PBXProject "moniheatme" */ = {
			isa = XCConfigurationList;
			buildConfigurations = (
				B501D35B270DB02700865D3C /* Debug */,
				B501D35C270DB02700865D3C /* Release */,
			);
			defaultConfigurationIsVisible = 0;
			defaultConfigurationName = Release;
		};
		B501D35D270DB02700865D3C /* Build configuration list for PBXNativeTarget "moniheatme" */ = {
			isa = XCConfigurationList;
			buildConfigurations = (
				B501D35E270DB02700865D3C /* Debug */,
				B501D35F270DB02700865D3C /* Release */,
			);
			defaultConfigurationIsVisible = 0;
			defaultConfigurationName = Release;
		};
		B531AC4B27450383003DBF96 /* Build configuration list for PBXNativeTarget "moniheatmeAppClip" */ = {
			isa = XCConfigurationList;
			buildConfigurations = (
				B531AC4927450383003DBF96 /* Debug */,
				B531AC4A27450383003DBF96 /* Release */,
			);
			defaultConfigurationIsVisible = 0;
			defaultConfigurationName = Release;
		};
/* End XCConfigurationList section */
	};
	rootObject = B501D32B270DB02600865D3C /* Project object */;
}
